{
  "name": "record_store_capstone_project",
  "version": "1.0.2",
  "lockfileVersion": 3,
  "requires": true,
  "packages": {
    "": {
      "name": "record_store_capstone_project",
      "version": "1.0.2",
      "license": "ISC",
      "dependencies": {
        "record_store_capstone_project": "^1.0.1"
      }
    },
    "node_modules/record_store_capstone_project": {
      "version": "1.0.1",
      "resolved": "https://registry.npmjs.org/record_store_capstone_project/-/record_store_capstone_project-1.0.1.tgz",
      "integrity": "sha512-cBuegIECU1ovnyGgSQqB9vgARAdMnF0FcyKa3+yVOUEwg5TR9xhYkWWkBZw4rORWGYp+hJflgniAYdp+wh25Cw==",
      "license": "ISC"
    }
  }
}
